
Microsoft Visual Studio Solution File, Format Version 12.00
# Visual Studio Version 16
VisualStudioVersion = 16.0.31129.286
MinimumVisualStudioVersion = 10.0.40219.1
Project("{8BC9CEB8-8B4A-11D0-8D11-00A0C91BC942}") = "WinHideEx", "WinHideEx\WinHideEx.vcxproj", "{8571D9F4-B21B-43A9-8FD9-F2EEB3B1071B}"
EndProject
Project("{FAE04EC0-301F-11D3-BF4B-00C04F79EFBC}") = "WinHideExGUI", "WinHideExGUI\WinHideExGUI.csproj", "{2C29A8A9-DEFC-4559-8920-D5283055BF1B}"
EndProject
Project("{54435603-DBB4-11D2-8724-00A0C9A8B90C}") = "WinHideExInstaller", "WinHideExInstaller\WinHideExInstaller.vdproj", "{2BEB7EDB-7B6C-4B46-943F-0E0BEF4FD718}"
EndProject
Global
	GlobalSection(SolutionConfigurationPlatforms) = preSolution
		All|Any CPU = All|Any CPU
		All|ARM = All|ARM
		All|ARM64 = All|ARM64
		All|x64 = All|x64
		All|x86 = All|x86
		Debug|Any CPU = Debug|Any CPU
		Debug|ARM = Debug|ARM
		Debug|ARM64 = Debug|ARM64
		Debug|x64 = Debug|x64
		Debug|x86 = Debug|x86
		DebugMDd|Any CPU = DebugMDd|Any CPU
		DebugMDd|ARM = DebugMDd|ARM
		DebugMDd|ARM64 = DebugMDd|ARM64
		DebugMDd|x64 = DebugMDd|x64
		DebugMDd|x86 = DebugMDd|x86
		Release|Any CPU = Release|Any CPU
		Release|ARM = Release|ARM
		Release|ARM64 = Release|ARM64
		Release|x64 = Release|x64
		Release|x86 = Release|x86
		ReleaseMD|Any CPU = ReleaseMD|Any CPU
		ReleaseMD|ARM = ReleaseMD|ARM
		ReleaseMD|ARM64 = ReleaseMD|ARM64
		ReleaseMD|x64 = ReleaseMD|x64
		ReleaseMD|x86 = ReleaseMD|x86
	EndGlobalSection
	GlobalSection(ProjectConfigurationPlatforms) = postSolution
		{8571D9F4-B21B-43A9-8FD9-F2EEB3B1071B}.All|Any CPU.ActiveCfg = Release|Win32
		{8571D9F4-B21B-43A9-8FD9-F2EEB3B1071B}.All|Any CPU.Build.0 = Release|Win32
		{8571D9F4-B21B-43A9-8FD9-F2EEB3B1071B}.All|ARM.ActiveCfg = Release|Win32
		{8571D9F4-B21B-43A9-8FD9-F2EEB3B1071B}.All|ARM.Build.0 = Release|Win32
		{8571D9F4-B21B-43A9-8FD9-F2EEB3B1071B}.All|ARM64.ActiveCfg = Release|Win32
		{8571D9F4-B21B-43A9-8FD9-F2EEB3B1071B}.All|ARM64.Build.0 = Release|Win32
		{8571D9F4-B21B-43A9-8FD9-F2EEB3B1071B}.All|x64.ActiveCfg = Release|x64
		{8571D9F4-B21B-43A9-8FD9-F2EEB3B1071B}.All|x64.Build.0 = Release|x64
		{8571D9F4-B21B-43A9-8FD9-F2EEB3B1071B}.All|x86.ActiveCfg = Release|Win32
		{8571D9F4-B21B-43A9-8FD9-F2EEB3B1071B}.All|x86.Build.0 = Release|Win32
		{8571D9F4-B21B-43A9-8FD9-F2EEB3B1071B}.Debug|Any CPU.ActiveCfg = Debug|Win32
		{8571D9F4-B21B-43A9-8FD9-F2EEB3B1071B}.Debug|ARM.ActiveCfg = Debug|Win32
		{8571D9F4-B21B-43A9-8FD9-F2EEB3B1071B}.Debug|ARM64.ActiveCfg = Debug|Win32
		{8571D9F4-B21B-43A9-8FD9-F2EEB3B1071B}.Debug|x64.ActiveCfg = Debug|x64
		{8571D9F4-B21B-43A9-8FD9-F2EEB3B1071B}.Debug|x64.Build.0 = Debug|x64
		{8571D9F4-B21B-43A9-8FD9-F2EEB3B1071B}.Debug|x86.ActiveCfg = Debug|Win32
		{8571D9F4-B21B-43A9-8FD9-F2EEB3B1071B}.Debug|x86.Build.0 = Debug|Win32
		{8571D9F4-B21B-43A9-8FD9-F2EEB3B1071B}.DebugMDd|Any CPU.ActiveCfg = Release|x64
		{8571D9F4-B21B-43A9-8FD9-F2EEB3B1071B}.DebugMDd|Any CPU.Build.0 = Release|x64
		{8571D9F4-B21B-43A9-8FD9-F2EEB3B1071B}.DebugMDd|ARM.ActiveCfg = Release|Win32
		{8571D9F4-B21B-43A9-8FD9-F2EEB3B1071B}.DebugMDd|ARM.Build.0 = Release|Win32
		{8571D9F4-B21B-43A9-8FD9-F2EEB3B1071B}.DebugMDd|ARM64.ActiveCfg = Release|Win32
		{8571D9F4-B21B-43A9-8FD9-F2EEB3B1071B}.DebugMDd|ARM64.Build.0 = Release|Win32
		{8571D9F4-B21B-43A9-8FD9-F2EEB3B1071B}.DebugMDd|x64.ActiveCfg = Debug|x64
		{8571D9F4-B21B-43A9-8FD9-F2EEB3B1071B}.DebugMDd|x64.Build.0 = Debug|x64
		{8571D9F4-B21B-43A9-8FD9-F2EEB3B1071B}.DebugMDd|x86.ActiveCfg = Debug|Win32
		{8571D9F4-B21B-43A9-8FD9-F2EEB3B1071B}.DebugMDd|x86.Build.0 = Debug|Win32
		{8571D9F4-B21B-43A9-8FD9-F2EEB3B1071B}.Release|Any CPU.ActiveCfg = Release|Win32
		{8571D9F4-B21B-43A9-8FD9-F2EEB3B1071B}.Release|Any CPU.Build.0 = Release|Win32
		{8571D9F4-B21B-43A9-8FD9-F2EEB3B1071B}.Release|ARM.ActiveCfg = Release|Win32
		{8571D9F4-B21B-43A9-8FD9-F2EEB3B1071B}.Release|ARM64.ActiveCfg = Release|Win32
		{8571D9F4-B21B-43A9-8FD9-F2EEB3B1071B}.Release|x64.ActiveCfg = Release|x64
		{8571D9F4-B21B-43A9-8FD9-F2EEB3B1071B}.Release|x64.Build.0 = Release|x64
		{8571D9F4-B21B-43A9-8FD9-F2EEB3B1071B}.Release|x86.ActiveCfg = Release|Win32
		{8571D9F4-B21B-43A9-8FD9-F2EEB3B1071B}.Release|x86.Build.0 = Release|Win32
		{8571D9F4-B21B-43A9-8FD9-F2EEB3B1071B}.ReleaseMD|Any CPU.ActiveCfg = Release|x64
		{8571D9F4-B21B-43A9-8FD9-F2EEB3B1071B}.ReleaseMD|Any CPU.Build.0 = Release|x64
		{8571D9F4-B21B-43A9-8FD9-F2EEB3B1071B}.ReleaseMD|ARM.ActiveCfg = Release|Win32
		{8571D9F4-B21B-43A9-8FD9-F2EEB3B1071B}.ReleaseMD|ARM.Build.0 = Release|Win32
		{8571D9F4-B21B-43A9-8FD9-F2EEB3B1071B}.ReleaseMD|ARM64.ActiveCfg = Release|Win32
		{8571D9F4-B21B-43A9-8FD9-F2EEB3B1071B}.ReleaseMD|ARM64.Build.0 = Release|Win32
		{8571D9F4-B21B-43A9-8FD9-F2EEB3B1071B}.ReleaseMD|x64.ActiveCfg = Release|x64
		{8571D9F4-B21B-43A9-8FD9-F2EEB3B1071B}.ReleaseMD|x64.Build.0 = Release|x64
		{8571D9F4-B21B-43A9-8FD9-F2EEB3B1071B}.ReleaseMD|x86.ActiveCfg = Release|Win32
		{8571D9F4-B21B-43A9-8FD9-F2EEB3B1071B}.ReleaseMD|x86.Build.0 = Release|Win32
		{2C29A8A9-DEFC-4559-8920-D5283055BF1B}.All|Any CPU.ActiveCfg = Release|Any CPU
		{2C29A8A9-DEFC-4559-8920-D5283055BF1B}.All|Any CPU.Build.0 = Release|Any CPU
		{2C29A8A9-DEFC-4559-8920-D5283055BF1B}.All|ARM.ActiveCfg = Release|Any CPU
		{2C29A8A9-DEFC-4559-8920-D5283055BF1B}.All|ARM.Build.0 = Release|Any CPU
		{2C29A8A9-DEFC-4559-8920-D5283055BF1B}.All|ARM64.ActiveCfg = Release|Any CPU
		{2C29A8A9-DEFC-4559-8920-D5283055BF1B}.All|ARM64.Build.0 = Release|Any CPU
		{2C29A8A9-DEFC-4559-8920-D5283055BF1B}.All|x64.ActiveCfg = Release|Any CPU
		{2C29A8A9-DEFC-4559-8920-D5283055BF1B}.All|x64.Build.0 = Release|Any CPU
		{2C29A8A9-DEFC-4559-8920-D5283055BF1B}.All|x86.ActiveCfg = Release|Any CPU
		{2C29A8A9-DEFC-4559-8920-D5283055BF1B}.All|x86.Build.0 = Release|Any CPU
		{2C29A8A9-DEFC-4559-8920-D5283055BF1B}.Debug|Any CPU.ActiveCfg = Debug|Any CPU
		{2C29A8A9-DEFC-4559-8920-D5283055BF1B}.Debug|Any CPU.Build.0 = Debug|Any CPU
		{2C29A8A9-DEFC-4559-8920-D5283055BF1B}.Debug|ARM.ActiveCfg = Debug|Any CPU
		{2C29A8A9-DEFC-4559-8920-D5283055BF1B}.Debug|ARM.Build.0 = Debug|Any CPU
		{2C29A8A9-DEFC-4559-8920-D5283055BF1B}.Debug|ARM64.ActiveCfg = Debug|Any CPU
		{2C29A8A9-DEFC-4559-8920-D5283055BF1B}.Debug|ARM64.Build.0 = Debug|Any CPU
		{2C29A8A9-DEFC-4559-8920-D5283055BF1B}.Debug|x64.ActiveCfg = Debug|Any CPU
		{2C29A8A9-DEFC-4559-8920-D5283055BF1B}.Debug|x64.Build.0 = Debug|Any CPU
		{2C29A8A9-DEFC-4559-8920-D5283055BF1B}.Debug|x86.ActiveCfg = Debug|Any CPU
		{2C29A8A9-DEFC-4559-8920-D5283055BF1B}.Debug|x86.Build.0 = Debug|Any CPU
		{2C29A8A9-DEFC-4559-8920-D5283055BF1B}.DebugMDd|Any CPU.ActiveCfg = Debug|Any CPU
		{2C29A8A9-DEFC-4559-8920-D5283055BF1B}.DebugMDd|Any CPU.Build.0 = Debug|Any CPU
		{2C29A8A9-DEFC-4559-8920-D5283055BF1B}.DebugMDd|ARM.ActiveCfg = Debug|Any CPU
		{2C29A8A9-DEFC-4559-8920-D5283055BF1B}.DebugMDd|ARM.Build.0 = Debug|Any CPU
		{2C29A8A9-DEFC-4559-8920-D5283055BF1B}.DebugMDd|ARM64.ActiveCfg = Debug|Any CPU
		{2C29A8A9-DEFC-4559-8920-D5283055BF1B}.DebugMDd|ARM64.Build.0 = Debug|Any CPU
		{2C29A8A9-DEFC-4559-8920-D5283055BF1B}.DebugMDd|x64.ActiveCfg = Debug|Any CPU
		{2C29A8A9-DEFC-4559-8920-D5283055BF1B}.DebugMDd|x64.Build.0 = Debug|Any CPU
		{2C29A8A9-DEFC-4559-8920-D5283055BF1B}.DebugMDd|x86.ActiveCfg = Debug|Any CPU
		{2C29A8A9-DEFC-4559-8920-D5283055BF1B}.DebugMDd|x86.Build.0 = Debug|Any CPU
		{2C29A8A9-DEFC-4559-8920-D5283055BF1B}.Release|Any CPU.ActiveCfg = Release|Any CPU
		{2C29A8A9-DEFC-4559-8920-D5283055BF1B}.Release|Any CPU.Build.0 = Release|Any CPU
		{2C29A8A9-DEFC-4559-8920-D5283055BF1B}.Release|ARM.ActiveCfg = Release|Any CPU
		{2C29A8A9-DEFC-4559-8920-D5283055BF1B}.Release|ARM.Build.0 = Release|Any CPU
		{2C29A8A9-DEFC-4559-8920-D5283055BF1B}.Release|ARM64.ActiveCfg = Release|Any CPU
		{2C29A8A9-DEFC-4559-8920-D5283055BF1B}.Release|ARM64.Build.0 = Release|Any CPU
		{2C29A8A9-DEFC-4559-8920-D5283055BF1B}.Release|x64.ActiveCfg = Release|Any CPU
		{2C29A8A9-DEFC-4559-8920-D5283055BF1B}.Release|x64.Build.0 = Release|Any CPU
		{2C29A8A9-DEFC-4559-8920-D5283055BF1B}.Release|x86.ActiveCfg = Release|Any CPU
		{2C29A8A9-DEFC-4559-8920-D5283055BF1B}.Release|x86.Build.0 = Release|Any CPU
		{2C29A8A9-DEFC-4559-8920-D5283055BF1B}.ReleaseMD|Any CPU.ActiveCfg = Release|Any CPU
		{2C29A8A9-DEFC-4559-8920-D5283055BF1B}.ReleaseMD|Any CPU.Build.0 = Release|Any CPU
		{2C29A8A9-DEFC-4559-8920-D5283055BF1B}.ReleaseMD|ARM.ActiveCfg = Release|Any CPU
		{2C29A8A9-DEFC-4559-8920-D5283055BF1B}.ReleaseMD|ARM.Build.0 = Release|Any CPU
		{2C29A8A9-DEFC-4559-8920-D5283055BF1B}.ReleaseMD|ARM64.ActiveCfg = Release|Any CPU
		{2C29A8A9-DEFC-4559-8920-D5283055BF1B}.ReleaseMD|ARM64.Build.0 = Release|Any CPU
		{2C29A8A9-DEFC-4559-8920-D5283055BF1B}.ReleaseMD|x64.ActiveCfg = Release|Any CPU
		{2C29A8A9-DEFC-4559-8920-D5283055BF1B}.ReleaseMD|x64.Build.0 = Release|Any CPU
		{2C29A8A9-DEFC-4559-8920-D5283055BF1B}.ReleaseMD|x86.ActiveCfg = Release|Any CPU
		{2C29A8A9-DEFC-4559-8920-D5283055BF1B}.ReleaseMD|x86.Build.0 = Release|Any CPU
		{2BEB7EDB-7B6C-4B46-943F-0E0BEF4FD718}.All|Any CPU.ActiveCfg = Debug
		{2BEB7EDB-7B6C-4B46-943F-0E0BEF4FD718}.All|ARM.ActiveCfg = Debug
		{2BEB7EDB-7B6C-4B46-943F-0E0BEF4FD718}.All|ARM64.ActiveCfg = Debug
		{2BEB7EDB-7B6C-4B46-943F-0E0BEF4FD718}.All|x64.ActiveCfg = Debug
		{2BEB7EDB-7B6C-4B46-943F-0E0BEF4FD718}.All|x86.ActiveCfg = Debug
		{2BEB7EDB-7B6C-4B46-943F-0E0BEF4FD718}.Debug|Any CPU.ActiveCfg = Debug
		{2BEB7EDB-7B6C-4B46-943F-0E0BEF4FD718}.Debug|ARM.ActiveCfg = Debug
		{2BEB7EDB-7B6C-4B46-943F-0E0BEF4FD718}.Debug|ARM64.ActiveCfg = Debug
		{2BEB7EDB-7B6C-4B46-943F-0E0BEF4FD718}.Debug|x64.ActiveCfg = Debug
		{2BEB7EDB-7B6C-4B46-943F-0E0BEF4FD718}.Debug|x86.ActiveCfg = Debug
		{2BEB7EDB-7B6C-4B46-943F-0E0BEF4FD718}.DebugMDd|Any CPU.ActiveCfg = Debug
		{2BEB7EDB-7B6C-4B46-943F-0E0BEF4FD718}.DebugMDd|ARM.ActiveCfg = Debug
		{2BEB7EDB-7B6C-4B46-943F-0E0BEF4FD718}.DebugMDd|ARM64.ActiveCfg = Debug
		{2BEB7EDB-7B6C-4B46-943F-0E0BEF4FD718}.DebugMDd|x64.ActiveCfg = Debug
		{2BEB7EDB-7B6C-4B46-943F-0E0BEF4FD718}.DebugMDd|x86.ActiveCfg = Debug
		{2BEB7EDB-7B6C-4B46-943F-0E0BEF4FD718}.Release|Any CPU.ActiveCfg = Release
		{2BEB7EDB-7B6C-4B46-943F-0E0BEF4FD718}.Release|ARM.ActiveCfg = Release
		{2BEB7EDB-7B6C-4B46-943F-0E0BEF4FD718}.Release|ARM64.ActiveCfg = Release
		{2BEB7EDB-7B6C-4B46-943F-0E0BEF4FD718}.Release|x64.ActiveCfg = Release
		{2BEB7EDB-7B6C-4B46-943F-0E0BEF4FD718}.Release|x86.ActiveCfg = Release
		{2BEB7EDB-7B6C-4B46-943F-0E0BEF4FD718}.ReleaseMD|Any CPU.ActiveCfg = Release
		{2BEB7EDB-7B6C-4B46-943F-0E0BEF4FD718}.ReleaseMD|ARM.ActiveCfg = Release
		{2BEB7EDB-7B6C-4B46-943F-0E0BEF4FD718}.ReleaseMD|ARM64.ActiveCfg = Release
		{2BEB7EDB-7B6C-4B46-943F-0E0BEF4FD718}.ReleaseMD|x64.ActiveCfg = Release
		{2BEB7EDB-7B6C-4B46-943F-0E0BEF4FD718}.ReleaseMD|x86.ActiveCfg = Release
	EndGlobalSection
	GlobalSection(SolutionProperties) = preSolution
		HideSolutionNode = FALSE
	EndGlobalSection
	GlobalSection(ExtensibilityGlobals) = postSolution
		SolutionGuid = {93C510BD-A493-4960-8B68-C94C09655A15}
	EndGlobalSection
EndGlobal
